
Microsoft Visual Studio Solution File, Format Version 12.00
# Visual Studio Version 16
VisualStudioVersion = 16.0.29709.97
MinimumVisualStudioVersion = 10.0.40219.1
Project("{FAE04EC0-301F-11D3-BF4B-00C04F79EFBC}") = "Lab2", "Lab2\Lab2.csproj", "{CEEBE986-9313-4145-938C-C3A8A096FA98}"
EndProject
Global
	GlobalSection(SolutionConfigurationPlatforms) = preSolution
		Debug|Any CPU = Debug|Any CPU
		Release|Any CPU = Release|Any CPU
	EndGlobalSection
	GlobalSection(ProjectConfigurationPlatforms) = postSolution
		{CEEBE986-9313-4145-938C-C3A8A096FA98}.Debug|Any CPU.ActiveCfg = Debug|Any CPU
		{CEEBE986-9313-4145-938C-C3A8A096FA98}.Debug|Any CPU.Build.0 = Debug|Any CPU
		{CEEBE986-9313-4145-938C-C3A8A096FA98}.Release|Any CPU.ActiveCfg = Release|Any CPU
		{CEEBE986-9313-4145-938C-C3A8A096FA98}.Release|Any CPU.Build.0 = Release|Any CPU
	EndGlobalSection
	GlobalSection(SolutionProperties) = preSolution
		HideSolutionNode = FALSE
	EndGlobalSection
	GlobalSection(ExtensibilityGlobals) = postSolution
		SolutionGuid = {B8CAD82E-A931-44E4-B2CD-FD06C53FF177}
	EndGlobalSection
EndGlobal
