
Microsoft Visual Studio Solution File, Format Version 12.00
# Visual Studio Version 16
VisualStudioVersion = 16.0.30011.22
MinimumVisualStudioVersion = 10.0.40219.1
Project("{FAE04EC0-301F-11D3-BF4B-00C04F79EFBC}") = "Lab5.Interfaces", "Lab5.Interfaces\Lab5.Interfaces.csproj", "{BF6DB0F4-BDA1-4D84-947C-084AD688615D}"
EndProject
Global
	GlobalSection(SolutionConfigurationPlatforms) = preSolution
		Debug|Any CPU = Debug|Any CPU
		Release|Any CPU = Release|Any CPU
	EndGlobalSection
	GlobalSection(ProjectConfigurationPlatforms) = postSolution
		{BF6DB0F4-BDA1-4D84-947C-084AD688615D}.Debug|Any CPU.ActiveCfg = Debug|Any CPU
		{BF6DB0F4-BDA1-4D84-947C-084AD688615D}.Debug|Any CPU.Build.0 = Debug|Any CPU
		{BF6DB0F4-BDA1-4D84-947C-084AD688615D}.Release|Any CPU.ActiveCfg = Release|Any CPU
		{BF6DB0F4-BDA1-4D84-947C-084AD688615D}.Release|Any CPU.Build.0 = Release|Any CPU
	EndGlobalSection
	GlobalSection(SolutionProperties) = preSolution
		HideSolutionNode = FALSE
	EndGlobalSection
	GlobalSection(ExtensibilityGlobals) = postSolution
		SolutionGuid = {DCFE4754-23B1-4D29-8EF0-FC617EEB273A}
	EndGlobalSection
EndGlobal
